// !$*UTF8*$!
{
	archiveVersion = 1;
	classes = {
	};
	objectVersion = 46;
	objects = {

/* Begin PBXBuildFile section */
		8B720517159B682A006BC732 /* ExampleNestedTablesViewController.m in Sources */ = {isa = PBXBuildFile; fileRef = 8B720516159B682A006BC732 /* ExampleNestedTablesViewController.m */; };
		8B72266F159A1E34001B28C5 /* main.m in Sources */ = {isa = PBXBuildFile; fileRef = 8B72266E159A1E34001B28C5 /* main.m */; };
		8B722673159A1E4B001B28C5 /* InfoPlist.strings in Resources */ = {isa = PBXBuildFile; fileRef = 8B722671159A1E4B001B28C5 /* InfoPlist.strings */; };
		8B8EB7E6156A74B00061CF0C /* UIKit.framework in Frameworks */ = {isa = PBXBuildFile; fileRef = 8B8EB7E5156A74B00061CF0C /* UIKit.framework */; };
		8B8EB7E8156A74B00061CF0C /* Foundation.framework in Frameworks */ = {isa = PBXBuildFile; fileRef = 8B8EB7E7156A74B00061CF0C /* Foundation.framework */; };
		8B8EB7EA156A74B00061CF0C /* CoreGraphics.framework in Frameworks */ = {isa = PBXBuildFile; fileRef = 8B8EB7E9156A74B00061CF0C /* CoreGraphics.framework */; };
		8B9ECFBE159E115F000A6A4D /* EFMNestedTable.m in Sources */ = {isa = PBXBuildFile; fileRef = 8BE98FD3159E113B0064FB92 /* EFMNestedTable.m */; };
		8BD80F85159DF5DF003D7C37 /* AppDelegate.m in Sources */ = {isa = PBXBuildFile; fileRef = 8BD80F7F159DF576003D7C37 /* AppDelegate.m */; };
		8BD80FF8159E05D8003D7C37 /* EFMGroupCell.xib in Resources */ = {isa = PBXBuildFile; fileRef = 8BD80FF5159E05D8003D7C37 /* EFMGroupCell.xib */; };
		8BD80FFA159E05D8003D7C37 /* EFMSubCell.xib in Resources */ = {isa = PBXBuildFile; fileRef = 8BD80FF7159E05D8003D7C37 /* EFMSubCell.xib */; };
		8BD81016159E061B003D7C37 /* EFMGroupCell.m in Sources */ = {isa = PBXBuildFile; fileRef = 8BD80FEC159E05B0003D7C37 /* EFMGroupCell.m */; };
		8BD81017159E061E003D7C37 /* EFMSelectableCell.m in Sources */ = {isa = PBXBuildFile; fileRef = 8BD80FEE159E05B0003D7C37 /* EFMSelectableCell.m */; };
		8BD81018159E0624003D7C37 /* EFMSubCell.m in Sources */ = {isa = PBXBuildFile; fileRef = 8BD80FF0159E05B0003D7C37 /* EFMSubCell.m */; };
		8BD81027159E064E003D7C37 /* blueLedBig.png in Resources */ = {isa = PBXBuildFile; fileRef = 8BD8101E159E064E003D7C37 /* blueLedBig.png */; };
		8BD81028159E064E003D7C37 /* blueLedBig@2x.png in Resources */ = {isa = PBXBuildFile; fileRef = 8BD8101F159E064E003D7C37 /* blueLedBig@2x.png */; };
		8BD81029159E064E003D7C37 /* blueLedBigOff.png in Resources */ = {isa = PBXBuildFile; fileRef = 8BD81020159E064E003D7C37 /* blueLedBigOff.png */; };
		8BD8102A159E064F003D7C37 /* blueLedSmall.png in Resources */ = {isa = PBXBuildFile; fileRef = 8BD81021159E064E003D7C37 /* blueLedSmall.png */; };
		8BD8102B159E064F003D7C37 /* blueLedSmall@2x.png in Resources */ = {isa = PBXBuildFile; fileRef = 8BD81022159E064E003D7C37 /* blueLedSmall@2x.png */; };
		8BD8102C159E064F003D7C37 /* blueLedSmallOff.png in Resources */ = {isa = PBXBuildFile; fileRef = 8BD81023159E064E003D7C37 /* blueLedSmallOff.png */; };
		8BD8102D159E064F003D7C37 /* blueLedSmallOff@2x.png in Resources */ = {isa = PBXBuildFile; fileRef = 8BD81024159E064E003D7C37 /* blueLedSmallOff@2x.png */; };
		8BD8102E159E064F003D7C37 /* disclosure.png in Resources */ = {isa = PBXBuildFile; fileRef = 8BD81025159E064E003D7C37 /* disclosure.png */; };
		8BD8102F159E064F003D7C37 /* disclosure@2x.png in Resources */ = {isa = PBXBuildFile; fileRef = 8BD81026159E064E003D7C37 /* disclosure@2x.png */; };
		8BE98FD1159E112D0064FB92 /* EFMNestedTable.xib in Resources */ = {isa = PBXBuildFile; fileRef = 8BE98FD0159E112D0064FB92 /* EFMNestedTable.xib */; };
/* End PBXBuildFile section */

/* Begin PBXFileReference section */
		8B720515159B682A006BC732 /* ExampleNestedTablesViewController.h */ = {isa = PBXFileReference; fileEncoding = 4; lastKnownFileType = sourcecode.c.h; name = ExampleNestedTablesViewController.h; path = EFMNestedTablesExample/ExampleNestedTablesViewController.h; sourceTree = "<group>"; };
		8B720516159B682A006BC732 /* ExampleNestedTablesViewController.m */ = {isa = PBXFileReference; fileEncoding = 4; lastKnownFileType = sourcecode.c.objc; name = ExampleNestedTablesViewController.m; path = EFMNestedTablesExample/ExampleNestedTablesViewController.m; sourceTree = "<group>"; };
		8B72266B159A1E28001B28C5 /* EFMNestedTables-Info.plist */ = {isa = PBXFileReference; lastKnownFileType = text.plist.xml; name = "EFMNestedTables-Info.plist"; path = "EFMNestedTablesExample/EFMNestedTables-Info.plist"; sourceTree = SOURCE_ROOT; };
		8B72266C159A1E28001B28C5 /* EFMNestedTables-Prefix.pch */ = {isa = PBXFileReference; lastKnownFileType = sourcecode.c.h; name = "EFMNestedTables-Prefix.pch"; path = "EFMNestedTablesExample/EFMNestedTables-Prefix.pch"; sourceTree = SOURCE_ROOT; };
		8B72266E159A1E34001B28C5 /* main.m */ = {isa = PBXFileReference; fileEncoding = 4; lastKnownFileType = sourcecode.c.objc; name = main.m; path = EFMNestedTablesExample/main.m; sourceTree = SOURCE_ROOT; };
		8B722672159A1E4B001B28C5 /* en */ = {isa = PBXFileReference; lastKnownFileType = text.plist.strings; name = en; path = EFMNestedTablesExample/en.lproj/InfoPlist.strings; sourceTree = SOURCE_ROOT; };
		8B8EB7E1156A74B00061CF0C /* EFMNestedTablesExample.app */ = {isa = PBXFileReference; explicitFileType = wrapper.application; includeInIndex = 0; path = EFMNestedTablesExample.app; sourceTree = BUILT_PRODUCTS_DIR; };
		8B8EB7E5156A74B00061CF0C /* UIKit.framework */ = {isa = PBXFileReference; lastKnownFileType = wrapper.framework; name = UIKit.framework; path = System/Library/Frameworks/UIKit.framework; sourceTree = SDKROOT; };
		8B8EB7E7156A74B00061CF0C /* Foundation.framework */ = {isa = PBXFileReference; lastKnownFileType = wrapper.framework; name = Foundation.framework; path = System/Library/Frameworks/Foundation.framework; sourceTree = SDKROOT; };
		8B8EB7E9156A74B00061CF0C /* CoreGraphics.framework */ = {isa = PBXFileReference; lastKnownFileType = wrapper.framework; name = CoreGraphics.framework; path = System/Library/Frameworks/CoreGraphics.framework; sourceTree = SDKROOT; };
		8BD80F7E159DF576003D7C37 /* AppDelegate.h */ = {isa = PBXFileReference; lastKnownFileType = sourcecode.c.h; name = AppDelegate.h; path = EFMNestedTablesExample/AppDelegate.h; sourceTree = "<group>"; };
		8BD80F7F159DF576003D7C37 /* AppDelegate.m */ = {isa = PBXFileReference; lastKnownFileType = sourcecode.c.objc; name = AppDelegate.m; path = EFMNestedTablesExample/AppDelegate.m; sourceTree = "<group>"; };
		8BD80FEB159E05B0003D7C37 /* EFMGroupCell.h */ = {isa = PBXFileReference; lastKnownFileType = sourcecode.c.h; path = EFMGroupCell.h; sourceTree = "<group>"; };
		8BD80FEC159E05B0003D7C37 /* EFMGroupCell.m */ = {isa = PBXFileReference; lastKnownFileType = sourcecode.c.objc; path = EFMGroupCell.m; sourceTree = "<group>"; };
		8BD80FED159E05B0003D7C37 /* EFMSelectableCell.h */ = {isa = PBXFileReference; lastKnownFileType = sourcecode.c.h; path = EFMSelectableCell.h; sourceTree = "<group>"; };
		8BD80FEE159E05B0003D7C37 /* EFMSelectableCell.m */ = {isa = PBXFileReference; lastKnownFileType = sourcecode.c.objc; path = EFMSelectableCell.m; sourceTree = "<group>"; };
		8BD80FEF159E05B0003D7C37 /* EFMSubCell.h */ = {isa = PBXFileReference; lastKnownFileType = sourcecode.c.h; path = EFMSubCell.h; sourceTree = "<group>"; };
		8BD80FF0159E05B0003D7C37 /* EFMSubCell.m */ = {isa = PBXFileReference; lastKnownFileType = sourcecode.c.objc; path = EFMSubCell.m; sourceTree = "<group>"; };
		8BD80FF5159E05D8003D7C37 /* EFMGroupCell.xib */ = {isa = PBXFileReference; fileEncoding = 4; lastKnownFileType = file.xib; path = EFMGroupCell.xib; sourceTree = "<group>"; };
		8BD80FF7159E05D8003D7C37 /* EFMSubCell.xib */ = {isa = PBXFileReference; fileEncoding = 4; lastKnownFileType = file.xib; path = EFMSubCell.xib; sourceTree = "<group>"; };
		8BD8101E159E064E003D7C37 /* blueLedBig.png */ = {isa = PBXFileReference; lastKnownFileType = image.png; path = blueLedBig.png; sourceTree = "<group>"; };
		8BD8101F159E064E003D7C37 /* blueLedBig@2x.png */ = {isa = PBXFileReference; lastKnownFileType = image.png; path = "blueLedBig@2x.png"; sourceTree = "<group>"; };
		8BD81020159E064E003D7C37 /* blueLedBigOff.png */ = {isa = PBXFileReference; lastKnownFileType = image.png; path = blueLedBigOff.png; sourceTree = "<group>"; };
		8BD81021159E064E003D7C37 /* blueLedSmall.png */ = {isa = PBXFileReference; lastKnownFileType = image.png; path = blueLedSmall.png; sourceTree = "<group>"; };
		8BD81022159E064E003D7C37 /* blueLedSmall@2x.png */ = {isa = PBXFileReference; lastKnownFileType = image.png; path = "blueLedSmall@2x.png"; sourceTree = "<group>"; };
		8BD81023159E064E003D7C37 /* blueLedSmallOff.png */ = {isa = PBXFileReference; lastKnownFileType = image.png; path = blueLedSmallOff.png; sourceTree = "<group>"; };
		8BD81024159E064E003D7C37 /* blueLedSmallOff@2x.png */ = {isa = PBXFileReference; lastKnownFileType = image.png; path = "blueLedSmallOff@2x.png"; sourceTree = "<group>"; };
		8BD81025159E064E003D7C37 /* disclosure.png */ = {isa = PBXFileReference; lastKnownFileType = image.png; path = disclosure.png; sourceTree = "<group>"; };
		8BD81026159E064E003D7C37 /* disclosure@2x.png */ = {isa = PBXFileReference; lastKnownFileType = image.png; path = "disclosure@2x.png"; sourceTree = "<group>"; };
		8BE98FD0159E112D0064FB92 /* EFMNestedTable.xib */ = {isa = PBXFileReference; fileEncoding = 4; lastKnownFileType = file.xib; path = EFMNestedTable.xib; sourceTree = "<group>"; };
		8BE98FD2159E113B0064FB92 /* EFMNestedTable.h */ = {isa = PBXFileReference; lastKnownFileType = sourcecode.c.h; path = EFMNestedTable.h; sourceTree = "<group>"; };
		8BE98FD3159E113B0064FB92 /* EFMNestedTable.m */ = {isa = PBXFileReference; lastKnownFileType = sourcecode.c.objc; path = EFMNestedTable.m; sourceTree = "<group>"; };
/* End PBXFileReference section */

/* Begin PBXFrameworksBuildPhase section */
		8B8EB7DE156A74B00061CF0C /* Frameworks */ = {
			isa = PBXFrameworksBuildPhase;
			buildActionMask = 2147483647;
			files = (
				8B8EB7E6156A74B00061CF0C /* UIKit.framework in Frameworks */,
				8B8EB7E8156A74B00061CF0C /* Foundation.framework in Frameworks */,
				8B8EB7EA156A74B00061CF0C /* CoreGraphics.framework in Frameworks */,
			);
			runOnlyForDeploymentPostprocessing = 0;
		};
/* End PBXFrameworksBuildPhase section */

/* Begin PBXGroup section */
		8B720524159CABEB006BC732 /* Cells */ = {
			isa = PBXGroup;
			children = (
				8BD80FEB159E05B0003D7C37 /* EFMGroupCell.h */,
				8BD80FEC159E05B0003D7C37 /* EFMGroupCell.m */,
				8BD80FED159E05B0003D7C37 /* EFMSelectableCell.h */,
				8BD80FEE159E05B0003D7C37 /* EFMSelectableCell.m */,
				8BD80FEF159E05B0003D7C37 /* EFMSubCell.h */,
				8BD80FF0159E05B0003D7C37 /* EFMSubCell.m */,
			);
			name = Cells;
			sourceTree = "<group>";
		};
		8B72263D159A1DE3001B28C5 /* Classes */ = {
			isa = PBXGroup;
			children = (
				8BE98FD2159E113B0064FB92 /* EFMNestedTable.h */,
				8BE98FD3159E113B0064FB92 /* EFMNestedTable.m */,
				8B720524159CABEB006BC732 /* Cells */,
			);
			name = Classes;
			path = EFMNestedTablesExample/Classes;
			sourceTree = "<group>";
		};
		8B72264B159A1DF0001B28C5 /* Nibs */ = {
			isa = PBXGroup;
			children = (
				8BE98FD0159E112D0064FB92 /* EFMNestedTable.xib */,
				8BD80FF5159E05D8003D7C37 /* EFMGroupCell.xib */,
				8BD80FF7159E05D8003D7C37 /* EFMSubCell.xib */,
			);
			name = Nibs;
			path = EFMNestedTablesExample/Nibs;
			sourceTree = "<group>";
		};
		8B722652159A1E01001B28C5 /* Default Images */ = {
			isa = PBXGroup;
			children = (
				8BD8101E159E064E003D7C37 /* blueLedBig.png */,
				8BD8101F159E064E003D7C37 /* blueLedBig@2x.png */,
				8BD81020159E064E003D7C37 /* blueLedBigOff.png */,
				8BD81021159E064E003D7C37 /* blueLedSmall.png */,
				8BD81022159E064E003D7C37 /* blueLedSmall@2x.png */,
				8BD81023159E064E003D7C37 /* blueLedSmallOff.png */,
				8BD81024159E064E003D7C37 /* blueLedSmallOff@2x.png */,
				8BD81025159E064E003D7C37 /* disclosure.png */,
				8BD81026159E064E003D7C37 /* disclosure@2x.png */,
			);
			name = "Default Images";
			path = "EFMNestedTablesExample/Default Images";
			sourceTree = "<group>";
		};
		8B8EB7D6156A74AF0061CF0C = {
			isa = PBXGroup;
			children = (
				8BB989EA1599D4DC0028D9F7 /* EFMNestedTables */,
				8B8EB7EC156A74B00061CF0C /* Supporting Files */,
				8B8EB7E4156A74B00061CF0C /* Frameworks */,
				8B8EB7E2156A74B00061CF0C /* Products */,
			);
			sourceTree = "<group>";
		};
		8B8EB7E2156A74B00061CF0C /* Products */ = {
			isa = PBXGroup;
			children = (
				8B8EB7E1156A74B00061CF0C /* EFMNestedTablesExample.app */,
			);
			name = Products;
			sourceTree = "<group>";
		};
		8B8EB7E4156A74B00061CF0C /* Frameworks */ = {
			isa = PBXGroup;
			children = (
				8B8EB7E5156A74B00061CF0C /* UIKit.framework */,
				8B8EB7E7156A74B00061CF0C /* Foundation.framework */,
				8B8EB7E9156A74B00061CF0C /* CoreGraphics.framework */,
			);
			name = Frameworks;
			sourceTree = "<group>";
		};
		8B8EB7EC156A74B00061CF0C /* Supporting Files */ = {
			isa = PBXGroup;
			children = (
				8B72266E159A1E34001B28C5 /* main.m */,
				8B72266B159A1E28001B28C5 /* EFMNestedTables-Info.plist */,
				8B72266C159A1E28001B28C5 /* EFMNestedTables-Prefix.pch */,
				8B722671159A1E4B001B28C5 /* InfoPlist.strings */,
			);
			name = "Supporting Files";
			path = nestedTables;
			sourceTree = "<group>";
		};
		8BB989EA1599D4DC0028D9F7 /* EFMNestedTables */ = {
			isa = PBXGroup;
			children = (
				8B72263D159A1DE3001B28C5 /* Classes */,
				8B72264B159A1DF0001B28C5 /* Nibs */,
				8B722652159A1E01001B28C5 /* Default Images */,
				8BD80F7E159DF576003D7C37 /* AppDelegate.h */,
				8BD80F7F159DF576003D7C37 /* AppDelegate.m */,
				8B720515159B682A006BC732 /* ExampleNestedTablesViewController.h */,
				8B720516159B682A006BC732 /* ExampleNestedTablesViewController.m */,
			);
			name = EFMNestedTables;
			sourceTree = "<group>";
		};
/* End PBXGroup section */

/* Begin PBXNativeTarget section */
		8B8EB7E0156A74B00061CF0C /* EFMNestedTablesExample */ = {
			isa = PBXNativeTarget;
			buildConfigurationList = 8B8EB7FF156A74B00061CF0C /* Build configuration list for PBXNativeTarget "EFMNestedTablesExample" */;
			buildPhases = (
				8B8EB7DD156A74B00061CF0C /* Sources */,
				8B8EB7DE156A74B00061CF0C /* Frameworks */,
				8B8EB7DF156A74B00061CF0C /* Resources */,
			);
			buildRules = (
			);
			dependencies = (
			);
			name = EFMNestedTablesExample;
			productName = nestedTables;
			productReference = 8B8EB7E1156A74B00061CF0C /* EFMNestedTablesExample.app */;
			productType = "com.apple.product-type.application";
		};
/* End PBXNativeTarget section */

/* Begin PBXProject section */
		8B8EB7D8156A74B00061CF0C /* Project object */ = {
			isa = PBXProject;
			attributes = {
				LastUpgradeCheck = 0430;
			};
			buildConfigurationList = 8B8EB7DB156A74B00061CF0C /* Build configuration list for PBXProject "EFMNestedTablesExample" */;
			compatibilityVersion = "Xcode 3.2";
			developmentRegion = English;
			hasScannedForEncodings = 0;
			knownRegions = (
				en,
			);
			mainGroup = 8B8EB7D6156A74AF0061CF0C;
			productRefGroup = 8B8EB7E2156A74B00061CF0C /* Products */;
			projectDirPath = "";
			projectRoot = "";
			targets = (
				8B8EB7E0156A74B00061CF0C /* EFMNestedTablesExample */,
			);
		};
/* End PBXProject section */

/* Begin PBXResourcesBuildPhase section */
		8B8EB7DF156A74B00061CF0C /* Resources */ = {
			isa = PBXResourcesBuildPhase;
			buildActionMask = 2147483647;
			files = (
				8B722673159A1E4B001B28C5 /* InfoPlist.strings in Resources */,
				8BE98FD1159E112D0064FB92 /* EFMNestedTable.xib in Resources */,
				8BD80FF8159E05D8003D7C37 /* EFMGroupCell.xib in Resources */,
				8BD80FFA159E05D8003D7C37 /* EFMSubCell.xib in Resources */,
				8BD81027159E064E003D7C37 /* blueLedBig.png in Resources */,
				8BD81028159E064E003D7C37 /* blueLedBig@2x.png in Resources */,
				8BD81029159E064E003D7C37 /* blueLedBigOff.png in Resources */,
				8BD8102A159E064F003D7C37 /* blueLedSmall.png in Resources */,
				8BD8102B159E064F003D7C37 /* blueLedSmall@2x.png in Resources */,
				8BD8102C159E064F003D7C37 /* blueLedSmallOff.png in Resources */,
				8BD8102D159E064F003D7C37 /* blueLedSmallOff@2x.png in Resources */,
				8BD8102E159E064F003D7C37 /* disclosure.png in Resources */,
				8BD8102F159E064F003D7C37 /* disclosure@2x.png in Resources */,
			);
			runOnlyForDeploymentPostprocessing = 0;
		};
/* End PBXResourcesBuildPhase section */

/* Begin PBXSourcesBuildPhase section */
		8B8EB7DD156A74B00061CF0C /* Sources */ = {
			isa = PBXSourcesBuildPhase;
			buildActionMask = 2147483647;
			files = (
				8B9ECFBE159E115F000A6A4D /* EFMNestedTable.m in Sources */,
				8BD81018159E0624003D7C37 /* EFMSubCell.m in Sources */,
				8BD81017159E061E003D7C37 /* EFMSelectableCell.m in Sources */,
				8BD81016159E061B003D7C37 /* EFMGroupCell.m in Sources */,
				8BD80F85159DF5DF003D7C37 /* AppDelegate.m in Sources */,
				8B720517159B682A006BC732 /* ExampleNestedTablesViewController.m in Sources */,
				8B72266F159A1E34001B28C5 /* main.m in Sources */,
			);
			runOnlyForDeploymentPostprocessing = 0;
		};
/* End PBXSourcesBuildPhase section */

/* Begin PBXVariantGroup section */
		8B722671159A1E4B001B28C5 /* InfoPlist.strings */ = {
			isa = PBXVariantGroup;
			children = (
				8B722672159A1E4B001B28C5 /* en */,
			);
			name = InfoPlist.strings;
			sourceTree = "<group>";
		};
/* End PBXVariantGroup section */

/* Begin XCBuildConfiguration section */
		8B8EB7FD156A74B00061CF0C /* Debug */ = {
			isa = XCBuildConfiguration;
			buildSettings = {
				ALWAYS_SEARCH_USER_PATHS = NO;
				ARCHS = "$(ARCHS_STANDARD_32_BIT)";
				CLANG_ENABLE_OBJC_ARC = YES;
				"CODE_SIGN_IDENTITY[sdk=iphoneos*]" = "iPhone Developer: D De Matteis (RJZMM3E934)";
				COPY_PHASE_STRIP = NO;
				GCC_C_LANGUAGE_STANDARD = gnu99;
				GCC_DYNAMIC_NO_PIC = NO;
				GCC_OPTIMIZATION_LEVEL = 0;
				GCC_PREPROCESSOR_DEFINITIONS = (
					"DEBUG=1",
					"$(inherited)",
				);
				GCC_SYMBOLS_PRIVATE_EXTERN = NO;
				GCC_VERSION = com.apple.compilers.llvm.clang.1_0;
				GCC_WARN_ABOUT_RETURN_TYPE = YES;
				GCC_WARN_UNINITIALIZED_AUTOS = YES;
				GCC_WARN_UNUSED_VARIABLE = YES;
				IPHONEOS_DEPLOYMENT_TARGET = 4.0;
				"PROVISIONING_PROFILE[sdk=iphoneos*]" = "29EB3E1E-BE5F-480C-AC91-76FEAFB5F212";
				SDKROOT = iphoneos;
			};
			name = Debug;
		};
		8B8EB7FE156A74B00061CF0C /* Release */ = {
			isa = XCBuildConfiguration;
			buildSettings = {
				ALWAYS_SEARCH_USER_PATHS = NO;
				ARCHS = "$(ARCHS_STANDARD_32_BIT)";
				CLANG_ENABLE_OBJC_ARC = YES;
				"CODE_SIGN_IDENTITY[sdk=iphoneos*]" = "iPhone Developer: D De Matteis (PDXVK7SST3)";
				COPY_PHASE_STRIP = YES;
				GCC_C_LANGUAGE_STANDARD = gnu99;
				GCC_VERSION = com.apple.compilers.llvm.clang.1_0;
				GCC_WARN_ABOUT_RETURN_TYPE = YES;
				GCC_WARN_UNINITIALIZED_AUTOS = YES;
				GCC_WARN_UNUSED_VARIABLE = YES;
				IPHONEOS_DEPLOYMENT_TARGET = 4.0;
				OTHER_CFLAGS = "-DNS_BLOCK_ASSERTIONS=1";
				"PROVISIONING_PROFILE[sdk=iphoneos*]" = "CD9667F4-9F96-427A-82B2-44DD5C7B9BAA";
				SDKROOT = iphoneos;
				VALIDATE_PRODUCT = YES;
			};
			name = Release;
		};
		8B8EB800156A74B00061CF0C /* Debug */ = {
			isa = XCBuildConfiguration;
			buildSettings = {
				GCC_PRECOMPILE_PREFIX_HEADER = YES;
				GCC_PREFIX_HEADER = "EFMNestedTablesExample/EFMNestedTables-Prefix.pch";
				INFOPLIST_FILE = "EFMNestedTablesExample/EFMNestedTables-Info.plist";
				IPHONEOS_DEPLOYMENT_TARGET = 4.0;
				PRODUCT_NAME = EFMNestedTablesExample;
				TARGETED_DEVICE_FAMILY = "1,2";
				WRAPPER_EXTENSION = app;
			};
			name = Debug;
		};
		8B8EB801156A74B00061CF0C /* Release */ = {
			isa = XCBuildConfiguration;
			buildSettings = {
				GCC_PRECOMPILE_PREFIX_HEADER = YES;
				GCC_PREFIX_HEADER = "EFMNestedTablesExample/EFMNestedTables-Prefix.pch";
				INFOPLIST_FILE = "EFMNestedTablesExample/EFMNestedTables-Info.plist";
				IPHONEOS_DEPLOYMENT_TARGET = 4.0;
				PRODUCT_NAME = EFMNestedTablesExample;
				TARGETED_DEVICE_FAMILY = "1,2";
				WRAPPER_EXTENSION = app;
			};
			name = Release;
		};
/* End XCBuildConfiguration section */

/* Begin XCConfigurationList section */
		8B8EB7DB156A74B00061CF0C /* Build configuration list for PBXProject "EFMNestedTablesExample" */ = {
			isa = XCConfigurationList;
			buildConfigurations = (
				8B8EB7FD156A74B00061CF0C /* Debug */,
				8B8EB7FE156A74B00061CF0C /* Release */,
			);
			defaultConfigurationIsVisible = 0;
			defaultConfigurationName = Release;
		};
		8B8EB7FF156A74B00061CF0C /* Build configuration list for PBXNativeTarget "EFMNestedTablesExample" */ = {
			isa = XCConfigurationList;
			buildConfigurations = (
				8B8EB800156A74B00061CF0C /* Debug */,
				8B8EB801156A74B00061CF0C /* Release */,
			);
			defaultConfigurationIsVisible = 0;
			defaultConfigurationName = Release;
		};
/* End XCConfigurationList section */
	};
	rootObject = 8B8EB7D8156A74B00061CF0C /* Project object */;
}
